
Microsoft Visual Studio Solution File, Format Version 12.00
# Visual Studio 15
VisualStudioVersion = 15.0.28010.2019
MinimumVisualStudioVersion = 10.0.40219.1
Project("{9A19103F-16F7-4668-BE54-9A1E7A4F7556}") = "AWC_Entities", "AWC_Entities\AWC_Entities.csproj", "{16FDE71D-F6C3-40CB-944C-B1CCE9C9A466}"
EndProject
Project("{9A19103F-16F7-4668-BE54-9A1E7A4F7556}") = "AWC_Platoon_Optimizer", "AWC_Platoon_Optimizer\AWC_Platoon_Optimizer.csproj", "{53F3AE43-F390-45DF-BD7F-C47875B49935}"
EndProject
Global
	GlobalSection(SolutionConfigurationPlatforms) = preSolution
		Debug|Any CPU = Debug|Any CPU
		Release|Any CPU = Release|Any CPU
	EndGlobalSection
	GlobalSection(ProjectConfigurationPlatforms) = postSolution
		{16FDE71D-F6C3-40CB-944C-B1CCE9C9A466}.Debug|Any CPU.ActiveCfg = Debug|Any CPU
		{16FDE71D-F6C3-40CB-944C-B1CCE9C9A466}.Debug|Any CPU.Build.0 = Debug|Any CPU
		{16FDE71D-F6C3-40CB-944C-B1CCE9C9A466}.Release|Any CPU.ActiveCfg = Release|Any CPU
		{16FDE71D-F6C3-40CB-944C-B1CCE9C9A466}.Release|Any CPU.Build.0 = Release|Any CPU
		{53F3AE43-F390-45DF-BD7F-C47875B49935}.Debug|Any CPU.ActiveCfg = Debug|Any CPU
		{53F3AE43-F390-45DF-BD7F-C47875B49935}.Debug|Any CPU.Build.0 = Debug|Any CPU
		{53F3AE43-F390-45DF-BD7F-C47875B49935}.Release|Any CPU.ActiveCfg = Release|Any CPU
		{53F3AE43-F390-45DF-BD7F-C47875B49935}.Release|Any CPU.Build.0 = Release|Any CPU
	EndGlobalSection
	GlobalSection(SolutionProperties) = preSolution
		HideSolutionNode = FALSE
	EndGlobalSection
	GlobalSection(ExtensibilityGlobals) = postSolution
		SolutionGuid = {D7875625-3AB6-47B5-A89F-1C4B5BB5D8B3}
	EndGlobalSection
EndGlobal
